{
    "version": 3,
    "terraform_version": "0.11.2",
    "serial": 2,
    "lineage": "2eb39cde-b39e-43a1-b86b-41cc3a3d2ba6",
    "modules": [
        {
            "path": [
                "root"
            ],
            "outputs": {},
            "resources": {
                "aws_instance.webserver-main": {
                    "type": "aws_instance",
                    "depends_on": [
                        "aws_security_group.allow_all",
                        "aws_subnet.site-main"
                    ],
                    "primary": {
                        "id": "i-0a31268ab4d25e6f0",
                        "attributes": {
                            "ami": "ami-4bf3d731",
                            "associate_public_ip_address": "true",
                            "availability_zone": "us-east-1b",
                            "disable_api_termination": "false",
                            "ebs_block_device.#": "0",
                            "ebs_optimized": "false",
                            "ephemeral_block_device.#": "0",
                            "iam_instance_profile": "",
                            "id": "i-0a31268ab4d25e6f0",
                            "instance_state": "running",
                            "instance_type": "t2.micro",
                            "ipv6_addresses.#": "0",
                            "key_name": "chef",
                            "monitoring": "false",
                            "network_interface.#": "0",
                            "network_interface_id": "eni-ab1c2361",
                            "placement_group": "",
                            "primary_network_interface_id": "eni-ab1c2361",
                            "private_dns": "ip-172-17-10-175.ec2.internal",
                            "private_ip": "172.17.10.175",
                            "public_dns": "",
                            "public_ip": "34.227.20.137",
                            "root_block_device.#": "1",
                            "root_block_device.0.delete_on_termination": "false",
                            "root_block_device.0.iops": "0",
                            "root_block_device.0.volume_id": "vol-07d9739fa4a2ea3fe",
                            "root_block_device.0.volume_size": "8",
                            "root_block_device.0.volume_type": "standard",
                            "security_groups.#": "0",
                            "source_dest_check": "true",
                            "subnet_id": "subnet-f84228d7",
                            "tags.%": "0",
                            "tenancy": "default",
                            "volume_tags.%": "0",
                            "vpc_security_group_ids.#": "1",
                            "vpc_security_group_ids.3363791064": "sg-06a14971"
                        },
                        "meta": {
                            "e2bfb730-ecaa-11e6-8f88-34363bc7c4c0": {
                                "create": 600000000000,
                                "delete": 600000000000,
                                "update": 600000000000
                            },
                            "schema_version": "1"
                        },
                        "tainted": false
                    },
                    "deposed": [],
                    "provider": "provider.aws"
                },
                "aws_instance.webserver-secondary": {
                    "type": "aws_instance",
                    "depends_on": [
                        "aws_security_group.allow_all",
                        "aws_subnet.site-secondary"
                    ],
                    "primary": {
                        "id": "i-0b27826842194ee13",
                        "attributes": {
                            "ami": "ami-4bf3d731",
                            "associate_public_ip_address": "true",
                            "availability_zone": "us-east-1d",
                            "disable_api_termination": "false",
                            "ebs_block_device.#": "0",
                            "ebs_optimized": "false",
                            "ephemeral_block_device.#": "0",
                            "iam_instance_profile": "",
                            "id": "i-0b27826842194ee13",
                            "instance_state": "running",
                            "instance_type": "t2.micro",
                            "ipv6_addresses.#": "0",
                            "key_name": "chef",
                            "monitoring": "false",
                            "network_interface.#": "0",
                            "network_interface_id": "eni-2df1b8f1",
                            "placement_group": "",
                            "primary_network_interface_id": "eni-2df1b8f1",
                            "private_dns": "ip-172-17-20-193.ec2.internal",
                            "private_ip": "172.17.20.193",
                            "public_dns": "",
                            "public_ip": "52.207.193.242",
                            "root_block_device.#": "1",
                            "root_block_device.0.delete_on_termination": "false",
                            "root_block_device.0.iops": "0",
                            "root_block_device.0.volume_id": "vol-0cc9cfa6264448738",
                            "root_block_device.0.volume_size": "8",
                            "root_block_device.0.volume_type": "standard",
                            "security_groups.#": "0",
                            "source_dest_check": "true",
                            "subnet_id": "subnet-21036d7c",
                            "tags.%": "0",
                            "tenancy": "default",
                            "volume_tags.%": "0",
                            "vpc_security_group_ids.#": "1",
                            "vpc_security_group_ids.3363791064": "sg-06a14971"
                        },
                        "meta": {
                            "e2bfb730-ecaa-11e6-8f88-34363bc7c4c0": {
                                "create": 600000000000,
                                "delete": 600000000000,
                                "update": 600000000000
                            },
                            "schema_version": "1"
                        },
                        "tainted": false
                    },
                    "deposed": [],
                    "provider": "provider.aws"
                },
                "aws_internet_gateway.gw": {
                    "type": "aws_internet_gateway",
                    "depends_on": [
                        "aws_vpc.chef-vpc"
                    ],
                    "primary": {
                        "id": "igw-9f8d8ee6",
                        "attributes": {
                            "id": "igw-9f8d8ee6",
                            "tags.%": "1",
                            "tags.Name": "gw",
                            "vpc_id": "vpc-aebeadd6"
                        },
                        "meta": {},
                        "tainted": false
                    },
                    "deposed": [],
                    "provider": "provider.aws"
                },
                "aws_lb.test": {
                    "type": "aws_lb",
                    "depends_on": [
                        "aws_subnet.site-main",
                        "aws_subnet.site-secondary"
                    ],
                    "primary": {
                        "id": "arn:aws:elasticloadbalancing:us-east-1:071004075024:loadbalancer/net/test-lb-tf/922041e2e56ced52",
                        "attributes": {
                            "access_logs.#": "1",
                            "arn": "arn:aws:elasticloadbalancing:us-east-1:071004075024:loadbalancer/net/test-lb-tf/922041e2e56ced52",
                            "arn_suffix": "net/test-lb-tf/922041e2e56ced52",
                            "dns_name": "test-lb-tf-922041e2e56ced52.elb.us-east-1.amazonaws.com",
                            "enable_deletion_protection": "false",
                            "id": "arn:aws:elasticloadbalancing:us-east-1:071004075024:loadbalancer/net/test-lb-tf/922041e2e56ced52",
                            "idle_timeout": "60",
                            "internal": "false",
                            "ip_address_type": "ipv4",
                            "load_balancer_type": "network",
                            "name": "test-lb-tf",
                            "security_groups.#": "0",
                            "subnets.#": "2",
                            "subnets.1497935679": "subnet-21036d7c",
                            "subnets.2887362447": "subnet-f84228d7",
                            "tags.%": "1",
                            "tags.Environment": "production",
                            "vpc_id": "vpc-aebeadd6",
                            "zone_id": "Z26RNL4JYFTOTI"
                        },
                        "meta": {
                            "e2bfb730-ecaa-11e6-8f88-34363bc7c4c0": {
                                "create": 600000000000,
                                "delete": 600000000000,
                                "update": 600000000000
                            }
                        },
                        "tainted": false
                    },
                    "deposed": [],
                    "provider": "provider.aws"
                },
                "aws_lb_listener.httpdlisten": {
                    "type": "aws_lb_listener",
                    "depends_on": [
                        "aws_lb.test",
                        "aws_lb_target_group.httpdtarget"
                    ],
                    "primary": {
                        "id": "arn:aws:elasticloadbalancing:us-east-1:071004075024:listener/net/test-lb-tf/922041e2e56ced52/73ca2bb483a2c494",
                        "attributes": {
                            "arn": "arn:aws:elasticloadbalancing:us-east-1:071004075024:listener/net/test-lb-tf/922041e2e56ced52/73ca2bb483a2c494",
                            "default_action.#": "1",
                            "default_action.0.target_group_arn": "arn:aws:elasticloadbalancing:us-east-1:071004075024:targetgroup/httpdtarget/1c06bb5c38c202b0",
                            "default_action.0.type": "forward",
                            "id": "arn:aws:elasticloadbalancing:us-east-1:071004075024:listener/net/test-lb-tf/922041e2e56ced52/73ca2bb483a2c494",
                            "load_balancer_arn": "arn:aws:elasticloadbalancing:us-east-1:071004075024:loadbalancer/net/test-lb-tf/922041e2e56ced52",
                            "port": "80",
                            "protocol": "TCP",
                            "ssl_policy": ""
                        },
                        "meta": {},
                        "tainted": false
                    },
                    "deposed": [],
                    "provider": "provider.aws"
                },
                "aws_lb_target_group.httpdtarget": {
                    "type": "aws_lb_target_group",
                    "depends_on": [
                        "aws_vpc.chef-vpc"
                    ],
                    "primary": {
                        "id": "arn:aws:elasticloadbalancing:us-east-1:071004075024:targetgroup/httpdtarget/1c06bb5c38c202b0",
                        "attributes": {
                            "arn": "arn:aws:elasticloadbalancing:us-east-1:071004075024:targetgroup/httpdtarget/1c06bb5c38c202b0",
                            "arn_suffix": "targetgroup/httpdtarget/1c06bb5c38c202b0",
                            "deregistration_delay": "300",
                            "health_check.#": "1",
                            "health_check.0.healthy_threshold": "3",
                            "health_check.0.interval": "30",
                            "health_check.0.matcher": "",
                            "health_check.0.path": "",
                            "health_check.0.port": "traffic-port",
                            "health_check.0.protocol": "TCP",
                            "health_check.0.timeout": "10",
                            "health_check.0.unhealthy_threshold": "3",
                            "id": "arn:aws:elasticloadbalancing:us-east-1:071004075024:targetgroup/httpdtarget/1c06bb5c38c202b0",
                            "name": "httpdtarget",
                            "port": "80",
                            "protocol": "TCP",
                            "stickiness.#": "0",
                            "tags.%": "0",
                            "target_type": "instance",
                            "vpc_id": "vpc-aebeadd6"
                        },
                        "meta": {},
                        "tainted": false
                    },
                    "deposed": [],
                    "provider": "provider.aws"
                },
                "aws_lb_target_group_attachment.httpattachment-main": {
                    "type": "aws_lb_target_group_attachment",
                    "depends_on": [
                        "aws_instance.webserver-main",
                        "aws_lb_target_group.httpdtarget"
                    ],
                    "primary": {
                        "id": "arn:aws:elasticloadbalancing:us-east-1:071004075024:targetgroup/httpdtarget/1c06bb5c38c202b0-20180126072935975900000001",
                        "attributes": {
                            "id": "arn:aws:elasticloadbalancing:us-east-1:071004075024:targetgroup/httpdtarget/1c06bb5c38c202b0-20180126072935975900000001",
                            "port": "80",
                            "target_group_arn": "arn:aws:elasticloadbalancing:us-east-1:071004075024:targetgroup/httpdtarget/1c06bb5c38c202b0",
                            "target_id": "i-0a31268ab4d25e6f0"
                        },
                        "meta": {},
                        "tainted": false
                    },
                    "deposed": [],
                    "provider": "provider.aws"
                },
                "aws_lb_target_group_attachment.httpattachment-secondary": {
                    "type": "aws_lb_target_group_attachment",
                    "depends_on": [
                        "aws_instance.webserver-secondary",
                        "aws_lb_target_group.httpdtarget"
                    ],
                    "primary": {
                        "id": "arn:aws:elasticloadbalancing:us-east-1:071004075024:targetgroup/httpdtarget/1c06bb5c38c202b0-20180126072943511600000002",
                        "attributes": {
                            "id": "arn:aws:elasticloadbalancing:us-east-1:071004075024:targetgroup/httpdtarget/1c06bb5c38c202b0-20180126072943511600000002",
                            "port": "80",
                            "target_group_arn": "arn:aws:elasticloadbalancing:us-east-1:071004075024:targetgroup/httpdtarget/1c06bb5c38c202b0",
                            "target_id": "i-0b27826842194ee13"
                        },
                        "meta": {},
                        "tainted": false
                    },
                    "deposed": [],
                    "provider": "provider.aws"
                },
                "aws_route.external": {
                    "type": "aws_route",
                    "depends_on": [
                        "aws_internet_gateway.gw",
                        "aws_route_table.external"
                    ],
                    "primary": {
                        "id": "r-rtb-937c5aee1080289494",
                        "attributes": {
                            "destination_cidr_block": "0.0.0.0/0",
                            "destination_prefix_list_id": "",
                            "egress_only_gateway_id": "",
                            "gateway_id": "igw-9f8d8ee6",
                            "id": "r-rtb-937c5aee1080289494",
                            "instance_id": "",
                            "instance_owner_id": "",
                            "nat_gateway_id": "",
                            "network_interface_id": "",
                            "origin": "CreateRoute",
                            "route_table_id": "rtb-937c5aee",
                            "state": "active",
                            "vpc_peering_connection_id": ""
                        },
                        "meta": {},
                        "tainted": false
                    },
                    "deposed": [],
                    "provider": "provider.aws"
                },
                "aws_route_table.external": {
                    "type": "aws_route_table",
                    "depends_on": [
                        "aws_vpc.chef-vpc"
                    ],
                    "primary": {
                        "id": "rtb-937c5aee",
                        "attributes": {
                            "id": "rtb-937c5aee",
                            "propagating_vgws.#": "0",
                            "route.#": "0",
                            "tags.%": "1",
                            "tags.Name": "routetable",
                            "vpc_id": "vpc-aebeadd6"
                        },
                        "meta": {},
                        "tainted": false
                    },
                    "deposed": [],
                    "provider": "provider.aws"
                },
                "aws_route_table_association.external-main.0": {
                    "type": "aws_route_table_association",
                    "depends_on": [
                        "aws_route_table.external",
                        "aws_subnet.site-main"
                    ],
                    "primary": {
                        "id": "rtbassoc-a267d7de",
                        "attributes": {
                            "id": "rtbassoc-a267d7de",
                            "route_table_id": "rtb-937c5aee",
                            "subnet_id": "subnet-f84228d7"
                        },
                        "meta": {},
                        "tainted": false
                    },
                    "deposed": [],
                    "provider": "provider.aws"
                },
                "aws_route_table_association.external-main.1": {
                    "type": "aws_route_table_association",
                    "depends_on": [
                        "aws_route_table.external",
                        "aws_subnet.site-main"
                    ],
                    "primary": {
                        "id": "rtbassoc-a267d7de",
                        "attributes": {
                            "id": "rtbassoc-a267d7de",
                            "route_table_id": "rtb-937c5aee",
                            "subnet_id": "subnet-f84228d7"
                        },
                        "meta": {},
                        "tainted": false
                    },
                    "deposed": [],
                    "provider": "provider.aws"
                },
                "aws_route_table_association.external-secondary.0": {
                    "type": "aws_route_table_association",
                    "depends_on": [
                        "aws_route_table.external",
                        "aws_subnet.site-secondary"
                    ],
                    "primary": {
                        "id": "rtbassoc-d678c8aa",
                        "attributes": {
                            "id": "rtbassoc-d678c8aa",
                            "route_table_id": "rtb-937c5aee",
                            "subnet_id": "subnet-21036d7c"
                        },
                        "meta": {},
                        "tainted": false
                    },
                    "deposed": [],
                    "provider": "provider.aws"
                },
                "aws_route_table_association.external-secondary.1": {
                    "type": "aws_route_table_association",
                    "depends_on": [
                        "aws_route_table.external",
                        "aws_subnet.site-secondary"
                    ],
                    "primary": {
                        "id": "rtbassoc-d678c8aa",
                        "attributes": {
                            "id": "rtbassoc-d678c8aa",
                            "route_table_id": "rtb-937c5aee",
                            "subnet_id": "subnet-21036d7c"
                        },
                        "meta": {},
                        "tainted": false
                    },
                    "deposed": [],
                    "provider": "provider.aws"
                },
                "aws_security_group.allow_all": {
                    "type": "aws_security_group",
                    "depends_on": [
                        "aws_vpc.chef-vpc"
                    ],
                    "primary": {
                        "id": "sg-06a14971",
                        "attributes": {
                            "description": "Allow inbound SSH and HTTP traffic",
                            "egress.#": "1",
                            "egress.482069346.cidr_blocks.#": "1",
                            "egress.482069346.cidr_blocks.0": "0.0.0.0/0",
                            "egress.482069346.description": "",
                            "egress.482069346.from_port": "0",
                            "egress.482069346.ipv6_cidr_blocks.#": "0",
                            "egress.482069346.prefix_list_ids.#": "0",
                            "egress.482069346.protocol": "-1",
                            "egress.482069346.security_groups.#": "0",
                            "egress.482069346.self": "false",
                            "egress.482069346.to_port": "0",
                            "id": "sg-06a14971",
                            "ingress.#": "1",
                            "ingress.482069346.cidr_blocks.#": "1",
                            "ingress.482069346.cidr_blocks.0": "0.0.0.0/0",
                            "ingress.482069346.description": "",
                            "ingress.482069346.from_port": "0",
                            "ingress.482069346.ipv6_cidr_blocks.#": "0",
                            "ingress.482069346.protocol": "-1",
                            "ingress.482069346.security_groups.#": "0",
                            "ingress.482069346.self": "false",
                            "ingress.482069346.to_port": "0",
                            "name": "allow_all",
                            "owner_id": "071004075024",
                            "revoke_rules_on_delete": "false",
                            "tags.%": "1",
                            "tags.Name": "allow_all",
                            "vpc_id": "vpc-aebeadd6"
                        },
                        "meta": {
                            "schema_version": "1"
                        },
                        "tainted": false
                    },
                    "deposed": [],
                    "provider": "provider.aws"
                },
                "aws_subnet.site-main": {
                    "type": "aws_subnet",
                    "depends_on": [
                        "aws_vpc.chef-vpc"
                    ],
                    "primary": {
                        "id": "subnet-f84228d7",
                        "attributes": {
                            "assign_ipv6_address_on_creation": "false",
                            "availability_zone": "us-east-1b",
                            "cidr_block": "172.17.10.0/24",
                            "id": "subnet-f84228d7",
                            "map_public_ip_on_launch": "true",
                            "tags.%": "1",
                            "tags.Name": "site-main",
                            "vpc_id": "vpc-aebeadd6"
                        },
                        "meta": {
                            "schema_version": "1"
                        },
                        "tainted": false
                    },
                    "deposed": [],
                    "provider": "provider.aws"
                },
                "aws_subnet.site-secondary": {
                    "type": "aws_subnet",
                    "depends_on": [
                        "aws_vpc.chef-vpc"
                    ],
                    "primary": {
                        "id": "subnet-21036d7c",
                        "attributes": {
                            "assign_ipv6_address_on_creation": "false",
                            "availability_zone": "us-east-1d",
                            "cidr_block": "172.17.20.0/24",
                            "id": "subnet-21036d7c",
                            "map_public_ip_on_launch": "true",
                            "tags.%": "1",
                            "tags.Name": "site-secondary",
                            "vpc_id": "vpc-aebeadd6"
                        },
                        "meta": {
                            "schema_version": "1"
                        },
                        "tainted": false
                    },
                    "deposed": [],
                    "provider": "provider.aws"
                },
                "aws_vpc.chef-vpc": {
                    "type": "aws_vpc",
                    "depends_on": [],
                    "primary": {
                        "id": "vpc-aebeadd6",
                        "attributes": {
                            "assign_generated_ipv6_cidr_block": "false",
                            "cidr_block": "172.17.0.0/16",
                            "default_network_acl_id": "acl-2ba8ce50",
                            "default_route_table_id": "rtb-497e5834",
                            "default_security_group_id": "sg-4aab433d",
                            "dhcp_options_id": "dopt-d014ada9",
                            "enable_classiclink": "false",
                            "enable_classiclink_dns_support": "false",
                            "enable_dns_hostnames": "false",
                            "enable_dns_support": "true",
                            "id": "vpc-aebeadd6",
                            "instance_tenancy": "default",
                            "main_route_table_id": "rtb-497e5834",
                            "tags.%": "1",
                            "tags.Name": "chef-vpc"
                        },
                        "meta": {
                            "schema_version": "1"
                        },
                        "tainted": false
                    },
                    "deposed": [],
                    "provider": "provider.aws"
                }
            },
            "depends_on": []
        }
    ]
}
