{
    "version": 3,
    "terraform_version": "0.11.2",
    "serial": 6,
    "lineage": "2eb39cde-b39e-43a1-b86b-41cc3a3d2ba6",
    "modules": [
        {
            "path": [
                "root"
            ],
            "outputs": {},
            "resources": {
                "aws_db_instance.chefsql": {
                    "type": "aws_db_instance",
                    "depends_on": [
                        "aws_db_subnet_group.db_subnet_group",
                        "aws_security_group.allow_all"
                    ],
                    "primary": {
                        "id": "terraform-20180126231535534300000001",
                        "attributes": {
                            "address": "terraform-20180126231535534300000001.cl1ksz79n5gj.us-east-1.rds.amazonaws.com",
                            "allocated_storage": "10",
                            "arn": "arn:aws:rds:us-east-1:071004075024:db:terraform-20180126231535534300000001",
                            "auto_minor_version_upgrade": "true",
                            "availability_zone": "us-east-1d",
                            "backup_retention_period": "0",
                            "backup_window": "08:14-08:44",
                            "ca_cert_identifier": "rds-ca-2015",
                            "copy_tags_to_snapshot": "false",
                            "db_subnet_group_name": "db_subnet_group",
                            "endpoint": "terraform-20180126231535534300000001.cl1ksz79n5gj.us-east-1.rds.amazonaws.com:3306",
                            "engine": "mysql",
                            "engine_version": "5.6.37",
                            "hosted_zone_id": "Z2R2ITUGPM61AM",
                            "iam_database_authentication_enabled": "false",
                            "id": "terraform-20180126231535534300000001",
                            "identifier": "terraform-20180126231535534300000001",
                            "instance_class": "db.t2.micro",
                            "iops": "0",
                            "kms_key_id": "",
                            "license_model": "general-public-license",
                            "maintenance_window": "fri:06:07-fri:06:37",
                            "monitoring_interval": "0",
                            "multi_az": "false",
                            "name": "chefsql",
                            "option_group_name": "default:mysql-5-6",
                            "parameter_group_name": "default.mysql5.6",
                            "password": "chefpass",
                            "port": "3306",
                            "publicly_accessible": "false",
                            "replicas.#": "0",
                            "replicate_source_db": "",
                            "resource_id": "db-MQZHQMFZXGWVHC2TIRWB6COEXI",
                            "security_group_names.#": "0",
                            "skip_final_snapshot": "false",
                            "status": "available",
                            "storage_encrypted": "false",
                            "storage_type": "gp2",
                            "tags.%": "0",
                            "timezone": "",
                            "username": "chef",
                            "vpc_security_group_ids.#": "1",
                            "vpc_security_group_ids.1151498422": "sg-6cc2341b"
                        },
                        "meta": {
                            "e2bfb730-ecaa-11e6-8f88-34363bc7c4c0": {
                                "create": 2400000000000,
                                "delete": 2400000000000,
                                "update": 4800000000000
                            }
                        },
                        "tainted": false
                    },
                    "deposed": [],
                    "provider": "provider.aws"
                },
                "aws_db_subnet_group.db_subnet_group": {
                    "type": "aws_db_subnet_group",
                    "depends_on": [
                        "aws_subnet.site-main",
                        "aws_subnet.site-secondary"
                    ],
                    "primary": {
                        "id": "db_subnet_group",
                        "attributes": {
                            "arn": "arn:aws:rds:us-east-1:071004075024:subgrp:db_subnet_group",
                            "description": "Managed by Terraform",
                            "id": "db_subnet_group",
                            "name": "db_subnet_group",
                            "subnet_ids.#": "2",
                            "subnet_ids.1300616434": "subnet-9c6c05c1",
                            "subnet_ids.2692597650": "subnet-595b2e76",
                            "tags.%": "1",
                            "tags.Name": "db_subnet_group"
                        },
                        "meta": {},
                        "tainted": false
                    },
                    "deposed": [],
                    "provider": "provider.aws"
                },
                "aws_instance.webserver-main": {
                    "type": "aws_instance",
                    "depends_on": [
                        "aws_security_group.allow_all",
                        "aws_subnet.site-main"
                    ],
                    "primary": {
                        "id": "i-018d9167592848380",
                        "attributes": {
                            "ami": "ami-4bf3d731",
                            "associate_public_ip_address": "true",
                            "availability_zone": "us-east-1b",
                            "disable_api_termination": "false",
                            "ebs_block_device.#": "0",
                            "ebs_optimized": "false",
                            "ephemeral_block_device.#": "0",
                            "iam_instance_profile": "",
                            "id": "i-018d9167592848380",
                            "instance_state": "running",
                            "instance_type": "t2.micro",
                            "ipv6_addresses.#": "0",
                            "key_name": "chef",
                            "monitoring": "false",
                            "network_interface.#": "0",
                            "network_interface_id": "eni-d50c0c1f",
                            "placement_group": "",
                            "primary_network_interface_id": "eni-d50c0c1f",
                            "private_dns": "ip-172-17-10-198.ec2.internal",
                            "private_ip": "172.17.10.198",
                            "public_dns": "",
                            "public_ip": "54.166.227.160",
                            "root_block_device.#": "1",
                            "root_block_device.0.delete_on_termination": "false",
                            "root_block_device.0.iops": "0",
                            "root_block_device.0.volume_id": "vol-0912f4c033349b43c",
                            "root_block_device.0.volume_size": "8",
                            "root_block_device.0.volume_type": "standard",
                            "security_groups.#": "0",
                            "source_dest_check": "true",
                            "subnet_id": "subnet-595b2e76",
                            "tags.%": "0",
                            "tenancy": "default",
                            "volume_tags.%": "0",
                            "vpc_security_group_ids.#": "1",
                            "vpc_security_group_ids.1151498422": "sg-6cc2341b"
                        },
                        "meta": {
                            "e2bfb730-ecaa-11e6-8f88-34363bc7c4c0": {
                                "create": 600000000000,
                                "delete": 600000000000,
                                "update": 600000000000
                            },
                            "schema_version": "1"
                        },
                        "tainted": true
                    },
                    "deposed": [],
                    "provider": "provider.aws"
                },
                "aws_instance.webserver-secondary": {
                    "type": "aws_instance",
                    "depends_on": [
                        "aws_security_group.allow_all",
                        "aws_subnet.site-secondary"
                    ],
                    "primary": {
                        "id": "i-06561ef31fa667d4b",
                        "attributes": {
                            "ami": "ami-4bf3d731",
                            "associate_public_ip_address": "true",
                            "availability_zone": "us-east-1d",
                            "disable_api_termination": "false",
                            "ebs_block_device.#": "0",
                            "ebs_optimized": "false",
                            "ephemeral_block_device.#": "0",
                            "iam_instance_profile": "",
                            "id": "i-06561ef31fa667d4b",
                            "instance_state": "running",
                            "instance_type": "t2.micro",
                            "ipv6_addresses.#": "0",
                            "key_name": "chef",
                            "monitoring": "false",
                            "network_interface.#": "0",
                            "network_interface_id": "eni-cb336f17",
                            "placement_group": "",
                            "primary_network_interface_id": "eni-cb336f17",
                            "private_dns": "ip-172-17-20-203.ec2.internal",
                            "private_ip": "172.17.20.203",
                            "public_dns": "",
                            "public_ip": "54.87.117.91",
                            "root_block_device.#": "1",
                            "root_block_device.0.delete_on_termination": "false",
                            "root_block_device.0.iops": "0",
                            "root_block_device.0.volume_id": "vol-028cea854c56f8811",
                            "root_block_device.0.volume_size": "8",
                            "root_block_device.0.volume_type": "standard",
                            "security_groups.#": "0",
                            "source_dest_check": "true",
                            "subnet_id": "subnet-9c6c05c1",
                            "tags.%": "0",
                            "tenancy": "default",
                            "volume_tags.%": "0",
                            "vpc_security_group_ids.#": "1",
                            "vpc_security_group_ids.1151498422": "sg-6cc2341b"
                        },
                        "meta": {
                            "e2bfb730-ecaa-11e6-8f88-34363bc7c4c0": {
                                "create": 600000000000,
                                "delete": 600000000000,
                                "update": 600000000000
                            },
                            "schema_version": "1"
                        },
                        "tainted": true
                    },
                    "deposed": [],
                    "provider": "provider.aws"
                },
                "aws_internet_gateway.gw": {
                    "type": "aws_internet_gateway",
                    "depends_on": [
                        "aws_vpc.chef-vpc"
                    ],
                    "primary": {
                        "id": "igw-c4474abd",
                        "attributes": {
                            "id": "igw-c4474abd",
                            "tags.%": "1",
                            "tags.Name": "gw",
                            "vpc_id": "vpc-dc031ea4"
                        },
                        "meta": {},
                        "tainted": false
                    },
                    "deposed": [],
                    "provider": "provider.aws"
                },
                "aws_lb_target_group.httpdtarget": {
                    "type": "aws_lb_target_group",
                    "depends_on": [
                        "aws_vpc.chef-vpc"
                    ],
                    "primary": {
                        "id": "arn:aws:elasticloadbalancing:us-east-1:071004075024:targetgroup/httpdtarget/2b0fd023fb3f52ce",
                        "attributes": {
                            "arn": "arn:aws:elasticloadbalancing:us-east-1:071004075024:targetgroup/httpdtarget/2b0fd023fb3f52ce",
                            "arn_suffix": "targetgroup/httpdtarget/2b0fd023fb3f52ce",
                            "deregistration_delay": "300",
                            "health_check.#": "1",
                            "health_check.0.healthy_threshold": "3",
                            "health_check.0.interval": "30",
                            "health_check.0.matcher": "",
                            "health_check.0.path": "",
                            "health_check.0.port": "traffic-port",
                            "health_check.0.protocol": "TCP",
                            "health_check.0.timeout": "10",
                            "health_check.0.unhealthy_threshold": "3",
                            "id": "arn:aws:elasticloadbalancing:us-east-1:071004075024:targetgroup/httpdtarget/2b0fd023fb3f52ce",
                            "name": "httpdtarget",
                            "port": "80",
                            "protocol": "TCP",
                            "stickiness.#": "0",
                            "tags.%": "0",
                            "target_type": "instance",
                            "vpc_id": "vpc-dc031ea4"
                        },
                        "meta": {},
                        "tainted": false
                    },
                    "deposed": [],
                    "provider": "provider.aws"
                },
                "aws_route.external": {
                    "type": "aws_route",
                    "depends_on": [
                        "aws_internet_gateway.gw",
                        "aws_route_table.external"
                    ],
                    "primary": {
                        "id": "r-rtb-d65f7dab1080289494",
                        "attributes": {
                            "destination_cidr_block": "0.0.0.0/0",
                            "destination_prefix_list_id": "",
                            "egress_only_gateway_id": "",
                            "gateway_id": "igw-c4474abd",
                            "id": "r-rtb-d65f7dab1080289494",
                            "instance_id": "",
                            "instance_owner_id": "",
                            "nat_gateway_id": "",
                            "network_interface_id": "",
                            "origin": "CreateRoute",
                            "route_table_id": "rtb-d65f7dab",
                            "state": "active",
                            "vpc_peering_connection_id": ""
                        },
                        "meta": {},
                        "tainted": false
                    },
                    "deposed": [],
                    "provider": "provider.aws"
                },
                "aws_route53_record.rds": {
                    "type": "aws_route53_record",
                    "depends_on": [
                        "aws_db_instance.chefsql"
                    ],
                    "primary": {
                        "id": "Z19Z5BHTE12ISK_rds.willbennett.tech_CNAME",
                        "attributes": {
                            "fqdn": "rds.willbennett.tech",
                            "health_check_id": "",
                            "id": "Z19Z5BHTE12ISK_rds.willbennett.tech_CNAME",
                            "name": "rds.willbennett.tech",
                            "records.#": "1",
                            "records.1080252185": "terraform-20180126231535534300000001.cl1ksz79n5gj.us-east-1.rds.amazonaws.com:3306",
                            "set_identifier": "",
                            "ttl": "300",
                            "type": "CNAME",
                            "zone_id": "Z19Z5BHTE12ISK"
                        },
                        "meta": {
                            "schema_version": "2"
                        },
                        "tainted": false
                    },
                    "deposed": [],
                    "provider": "provider.aws"
                },
                "aws_route_table.external": {
                    "type": "aws_route_table",
                    "depends_on": [
                        "aws_vpc.chef-vpc"
                    ],
                    "primary": {
                        "id": "rtb-d65f7dab",
                        "attributes": {
                            "id": "rtb-d65f7dab",
                            "propagating_vgws.#": "0",
                            "route.#": "0",
                            "tags.%": "1",
                            "tags.Name": "routetable",
                            "vpc_id": "vpc-dc031ea4"
                        },
                        "meta": {},
                        "tainted": false
                    },
                    "deposed": [],
                    "provider": "provider.aws"
                },
                "aws_route_table_association.external-main.0": {
                    "type": "aws_route_table_association",
                    "depends_on": [
                        "aws_route_table.external",
                        "aws_subnet.site-main"
                    ],
                    "primary": {
                        "id": "rtbassoc-b0e459cc",
                        "attributes": {
                            "id": "rtbassoc-b0e459cc",
                            "route_table_id": "rtb-d65f7dab",
                            "subnet_id": "subnet-595b2e76"
                        },
                        "meta": {},
                        "tainted": false
                    },
                    "deposed": [],
                    "provider": "provider.aws"
                },
                "aws_route_table_association.external-main.1": {
                    "type": "aws_route_table_association",
                    "depends_on": [
                        "aws_route_table.external",
                        "aws_subnet.site-main"
                    ],
                    "primary": {
                        "id": "rtbassoc-b0e459cc",
                        "attributes": {
                            "id": "rtbassoc-b0e459cc",
                            "route_table_id": "rtb-d65f7dab",
                            "subnet_id": "subnet-595b2e76"
                        },
                        "meta": {},
                        "tainted": false
                    },
                    "deposed": [],
                    "provider": "provider.aws"
                },
                "aws_route_table_association.external-secondary.0": {
                    "type": "aws_route_table_association",
                    "depends_on": [
                        "aws_route_table.external",
                        "aws_subnet.site-secondary"
                    ],
                    "primary": {
                        "id": "rtbassoc-92e855ee",
                        "attributes": {
                            "id": "rtbassoc-92e855ee",
                            "route_table_id": "rtb-d65f7dab",
                            "subnet_id": "subnet-9c6c05c1"
                        },
                        "meta": {},
                        "tainted": false
                    },
                    "deposed": [],
                    "provider": "provider.aws"
                },
                "aws_route_table_association.external-secondary.1": {
                    "type": "aws_route_table_association",
                    "depends_on": [
                        "aws_route_table.external",
                        "aws_subnet.site-secondary"
                    ],
                    "primary": {
                        "id": "rtbassoc-92e855ee",
                        "attributes": {
                            "id": "rtbassoc-92e855ee",
                            "route_table_id": "rtb-d65f7dab",
                            "subnet_id": "subnet-9c6c05c1"
                        },
                        "meta": {},
                        "tainted": false
                    },
                    "deposed": [],
                    "provider": "provider.aws"
                },
                "aws_security_group.allow_all": {
                    "type": "aws_security_group",
                    "depends_on": [
                        "aws_vpc.chef-vpc"
                    ],
                    "primary": {
                        "id": "sg-6cc2341b",
                        "attributes": {
                            "description": "Allow inbound SSH and HTTP traffic",
                            "egress.#": "1",
                            "egress.482069346.cidr_blocks.#": "1",
                            "egress.482069346.cidr_blocks.0": "0.0.0.0/0",
                            "egress.482069346.description": "",
                            "egress.482069346.from_port": "0",
                            "egress.482069346.ipv6_cidr_blocks.#": "0",
                            "egress.482069346.prefix_list_ids.#": "0",
                            "egress.482069346.protocol": "-1",
                            "egress.482069346.security_groups.#": "0",
                            "egress.482069346.self": "false",
                            "egress.482069346.to_port": "0",
                            "id": "sg-6cc2341b",
                            "ingress.#": "1",
                            "ingress.482069346.cidr_blocks.#": "1",
                            "ingress.482069346.cidr_blocks.0": "0.0.0.0/0",
                            "ingress.482069346.description": "",
                            "ingress.482069346.from_port": "0",
                            "ingress.482069346.ipv6_cidr_blocks.#": "0",
                            "ingress.482069346.protocol": "-1",
                            "ingress.482069346.security_groups.#": "0",
                            "ingress.482069346.self": "false",
                            "ingress.482069346.to_port": "0",
                            "name": "allow_all",
                            "owner_id": "071004075024",
                            "revoke_rules_on_delete": "false",
                            "tags.%": "1",
                            "tags.Name": "allow_all",
                            "vpc_id": "vpc-dc031ea4"
                        },
                        "meta": {
                            "schema_version": "1"
                        },
                        "tainted": false
                    },
                    "deposed": [],
                    "provider": "provider.aws"
                },
                "aws_subnet.site-main": {
                    "type": "aws_subnet",
                    "depends_on": [
                        "aws_vpc.chef-vpc"
                    ],
                    "primary": {
                        "id": "subnet-595b2e76",
                        "attributes": {
                            "assign_ipv6_address_on_creation": "false",
                            "availability_zone": "us-east-1b",
                            "cidr_block": "172.17.10.0/24",
                            "id": "subnet-595b2e76",
                            "map_public_ip_on_launch": "true",
                            "tags.%": "1",
                            "tags.Name": "site-main",
                            "vpc_id": "vpc-dc031ea4"
                        },
                        "meta": {
                            "schema_version": "1"
                        },
                        "tainted": false
                    },
                    "deposed": [],
                    "provider": "provider.aws"
                },
                "aws_subnet.site-secondary": {
                    "type": "aws_subnet",
                    "depends_on": [
                        "aws_vpc.chef-vpc"
                    ],
                    "primary": {
                        "id": "subnet-9c6c05c1",
                        "attributes": {
                            "assign_ipv6_address_on_creation": "false",
                            "availability_zone": "us-east-1d",
                            "cidr_block": "172.17.20.0/24",
                            "id": "subnet-9c6c05c1",
                            "map_public_ip_on_launch": "true",
                            "tags.%": "1",
                            "tags.Name": "site-secondary",
                            "vpc_id": "vpc-dc031ea4"
                        },
                        "meta": {
                            "schema_version": "1"
                        },
                        "tainted": false
                    },
                    "deposed": [],
                    "provider": "provider.aws"
                },
                "aws_vpc.chef-vpc": {
                    "type": "aws_vpc",
                    "depends_on": [],
                    "primary": {
                        "id": "vpc-dc031ea4",
                        "attributes": {
                            "assign_generated_ipv6_cidr_block": "false",
                            "cidr_block": "172.17.0.0/16",
                            "default_network_acl_id": "acl-ba3757c1",
                            "default_route_table_id": "rtb-d75e7caa",
                            "default_security_group_id": "sg-80c630f7",
                            "dhcp_options_id": "dopt-d014ada9",
                            "enable_classiclink": "false",
                            "enable_classiclink_dns_support": "false",
                            "enable_dns_hostnames": "false",
                            "enable_dns_support": "true",
                            "id": "vpc-dc031ea4",
                            "instance_tenancy": "default",
                            "main_route_table_id": "rtb-d75e7caa",
                            "tags.%": "1",
                            "tags.Name": "chef-vpc"
                        },
                        "meta": {
                            "schema_version": "1"
                        },
                        "tainted": false
                    },
                    "deposed": [],
                    "provider": "provider.aws"
                }
            },
            "depends_on": []
        }
    ]
}
